
Microsoft Visual Studio Solution File, Format Version 12.00
# Visual Studio Version 16
VisualStudioVersion = 16.0.29911.84
MinimumVisualStudioVersion = 10.0.40219.1
Project("{FAE04EC0-301F-11D3-BF4B-00C04F79EFBC}") = "Bai_Tap_Lon", "Bai_Tap_Lon\Bai_Tap_Lon.csproj", "{10FEFFC9-0FD7-438E-B40C-D0E6DE0E4599}"
EndProject
Global
	GlobalSection(SolutionConfigurationPlatforms) = preSolution
		Debug|Any CPU = Debug|Any CPU
		Release|Any CPU = Release|Any CPU
	EndGlobalSection
	GlobalSection(ProjectConfigurationPlatforms) = postSolution
		{10FEFFC9-0FD7-438E-B40C-D0E6DE0E4599}.Debug|Any CPU.ActiveCfg = Debug|Any CPU
		{10FEFFC9-0FD7-438E-B40C-D0E6DE0E4599}.Debug|Any CPU.Build.0 = Debug|Any CPU
		{10FEFFC9-0FD7-438E-B40C-D0E6DE0E4599}.Release|Any CPU.ActiveCfg = Release|Any CPU
		{10FEFFC9-0FD7-438E-B40C-D0E6DE0E4599}.Release|Any CPU.Build.0 = Release|Any CPU
	EndGlobalSection
	GlobalSection(SolutionProperties) = preSolution
		HideSolutionNode = FALSE
	EndGlobalSection
	GlobalSection(ExtensibilityGlobals) = postSolution
		SolutionGuid = {D4060F4F-1083-4C32-A44C-02B524BE41C6}
	EndGlobalSection
EndGlobal
